// !$*UTF8*$!
{
	archiveVersion = 1;
	classes = {
	};
	objectVersion = 46;
	objects = {

/* Begin PBXBuildFile section */
		E643197A213E1C15002D0719 /* NSAppearance+DarkMode.swift in Sources */ = {isa = PBXBuildFile; fileRef = E6431979213E1C15002D0719 /* NSAppearance+DarkMode.swift */; };
		E643197E213E1DE9002D0719 /* String+Localize.swift in Sources */ = {isa = PBXBuildFile; fileRef = E643197D213E1DE9002D0719 /* String+Localize.swift */; };
		E6431980213E1F4F002D0719 /* RelativeLuminance.swift in Sources */ = {isa = PBXBuildFile; fileRef = E643197F213E1F4F002D0719 /* RelativeLuminance.swift */; };
		E6431988213E27C5002D0719 /* main.swift in Sources */ = {isa = PBXBuildFile; fileRef = E6431987213E27C5002D0719 /* main.swift */; };
		E643198A213E27C6002D0719 /* Assets.xcassets in Resources */ = {isa = PBXBuildFile; fileRef = E6431989213E27C6002D0719 /* Assets.xcassets */; };
		E6431996213E2ABF002D0719 /* AppDelegate.swift in Sources */ = {isa = PBXBuildFile; fileRef = E6431995213E2ABF002D0719 /* AppDelegate.swift */; };
		E6431998213E2B50002D0719 /* AppDelegate.swift in Sources */ = {isa = PBXBuildFile; fileRef = E6431997213E2B50002D0719 /* AppDelegate.swift */; };
		E643199A213E2C18002D0719 /* LauncherApplication.app in CopyFiles */ = {isa = PBXBuildFile; fileRef = E6431985213E27C5002D0719 /* LauncherApplication.app */; settings = {ATTRIBUTES = (RemoveHeadersOnCopy, ); }; };
		E643199C213E2C8B002D0719 /* Notification+Killer.swift in Sources */ = {isa = PBXBuildFile; fileRef = E643199B213E2C8B002D0719 /* Notification+Killer.swift */; };
		E643199D213E2CD3002D0719 /* Notification+Killer.swift in Sources */ = {isa = PBXBuildFile; fileRef = E643199B213E2C8B002D0719 /* Notification+Killer.swift */; };
		E6BE84841EBEBD4100AAF64C /* Assets.xcassets in Resources */ = {isa = PBXBuildFile; fileRef = E6BE84791EBEBD4100AAF64C /* Assets.xcassets */; };
		E6BE84851EBEBD4100AAF64C /* Localizable.strings in Resources */ = {isa = PBXBuildFile; fileRef = E6BE847A1EBEBD4100AAF64C /* Localizable.strings */; };
		E6BE84871EBEBD4100AAF64C /* main.swift in Sources */ = {isa = PBXBuildFile; fileRef = E6BE84811EBEBD4100AAF64C /* main.swift */; };
		E6BE84881EBEBD4100AAF64C /* NSColor+Components.swift in Sources */ = {isa = PBXBuildFile; fileRef = E6BE84821EBEBD4100AAF64C /* NSColor+Components.swift */; };
		E6BE84891EBEBD4100AAF64C /* RellumTextField.swift in Sources */ = {isa = PBXBuildFile; fileRef = E6BE84831EBEBD4100AAF64C /* RellumTextField.swift */; };
/* End PBXBuildFile section */

/* Begin PBXCopyFilesBuildPhase section */
		E6431999213E2C0C002D0719 /* CopyFiles */ = {
			isa = PBXCopyFilesBuildPhase;
			buildActionMask = 2147483647;
			dstPath = Contents/Library/LoginItems;
			dstSubfolderSpec = 1;
			files = (
				E643199A213E2C18002D0719 /* LauncherApplication.app in CopyFiles */,
			);
			runOnlyForDeploymentPostprocessing = 0;
		};
		E6BE84211EBEB08900AAF64C /* Embed Frameworks */ = {
			isa = PBXCopyFilesBuildPhase;
			buildActionMask = 2147483647;
			dstPath = "";
			dstSubfolderSpec = 10;
			files = (
			);
			name = "Embed Frameworks";
			runOnlyForDeploymentPostprocessing = 0;
		};
/* End PBXCopyFilesBuildPhase section */

/* Begin PBXFileReference section */
		E6431979213E1C15002D0719 /* NSAppearance+DarkMode.swift */ = {isa = PBXFileReference; lastKnownFileType = sourcecode.swift; path = "NSAppearance+DarkMode.swift"; sourceTree = "<group>"; };
		E643197D213E1DE9002D0719 /* String+Localize.swift */ = {isa = PBXFileReference; lastKnownFileType = sourcecode.swift; path = "String+Localize.swift"; sourceTree = "<group>"; };
		E643197F213E1F4F002D0719 /* RelativeLuminance.swift */ = {isa = PBXFileReference; lastKnownFileType = sourcecode.swift; path = RelativeLuminance.swift; sourceTree = "<group>"; };
		E6431985213E27C5002D0719 /* LauncherApplication.app */ = {isa = PBXFileReference; explicitFileType = wrapper.application; includeInIndex = 0; path = LauncherApplication.app; sourceTree = BUILT_PRODUCTS_DIR; };
		E6431987213E27C5002D0719 /* main.swift */ = {isa = PBXFileReference; lastKnownFileType = sourcecode.swift; path = main.swift; sourceTree = "<group>"; };
		E6431989213E27C6002D0719 /* Assets.xcassets */ = {isa = PBXFileReference; lastKnownFileType = folder.assetcatalog; path = Assets.xcassets; sourceTree = "<group>"; };
		E643198E213E27C6002D0719 /* Info.plist */ = {isa = PBXFileReference; lastKnownFileType = text.plist.xml; path = Info.plist; sourceTree = "<group>"; };
		E643198F213E27C6002D0719 /* LauncherApplication.entitlements */ = {isa = PBXFileReference; lastKnownFileType = text.plist.entitlements; path = LauncherApplication.entitlements; sourceTree = "<group>"; };
		E6431995213E2ABF002D0719 /* AppDelegate.swift */ = {isa = PBXFileReference; lastKnownFileType = sourcecode.swift; path = AppDelegate.swift; sourceTree = "<group>"; };
		E6431997213E2B50002D0719 /* AppDelegate.swift */ = {isa = PBXFileReference; lastKnownFileType = sourcecode.swift; path = AppDelegate.swift; sourceTree = "<group>"; };
		E643199B213E2C8B002D0719 /* Notification+Killer.swift */ = {isa = PBXFileReference; lastKnownFileType = sourcecode.swift; path = "Notification+Killer.swift"; sourceTree = "<group>"; };
		E6856D881EBEAAAA0002B078 /* Rellum.app */ = {isa = PBXFileReference; explicitFileType = wrapper.application; includeInIndex = 0; path = Rellum.app; sourceTree = BUILT_PRODUCTS_DIR; };
		E6BE84791EBEBD4100AAF64C /* Assets.xcassets */ = {isa = PBXFileReference; lastKnownFileType = folder.assetcatalog; path = Assets.xcassets; sourceTree = "<group>"; };
		E6BE847B1EBEBD4100AAF64C /* Base */ = {isa = PBXFileReference; lastKnownFileType = text.plist.strings; name = Base; path = Base.lproj/Localizable.strings; sourceTree = "<group>"; };
		E6BE847C1EBEBD4100AAF64C /* en */ = {isa = PBXFileReference; lastKnownFileType = text.plist.strings; name = en; path = en.lproj/Localizable.strings; sourceTree = "<group>"; };
		E6BE847D1EBEBD4100AAF64C /* es */ = {isa = PBXFileReference; lastKnownFileType = text.plist.strings; name = es; path = es.lproj/Localizable.strings; sourceTree = "<group>"; };
		E6BE847F1EBEBD4100AAF64C /* Info.plist */ = {isa = PBXFileReference; fileEncoding = 4; lastKnownFileType = text.plist.xml; path = Info.plist; sourceTree = "<group>"; };
		E6BE84811EBEBD4100AAF64C /* main.swift */ = {isa = PBXFileReference; fileEncoding = 4; lastKnownFileType = sourcecode.swift; path = main.swift; sourceTree = "<group>"; };
		E6BE84821EBEBD4100AAF64C /* NSColor+Components.swift */ = {isa = PBXFileReference; fileEncoding = 4; lastKnownFileType = sourcecode.swift; path = "NSColor+Components.swift"; sourceTree = "<group>"; };
		E6BE84831EBEBD4100AAF64C /* RellumTextField.swift */ = {isa = PBXFileReference; fileEncoding = 4; lastKnownFileType = sourcecode.swift; path = RellumTextField.swift; sourceTree = "<group>"; };
/* End PBXFileReference section */

/* Begin PBXFrameworksBuildPhase section */
		E6431982213E27C5002D0719 /* Frameworks */ = {
			isa = PBXFrameworksBuildPhase;
			buildActionMask = 2147483647;
			files = (
			);
			runOnlyForDeploymentPostprocessing = 0;
		};
		E6856D851EBEAAAA0002B078 /* Frameworks */ = {
			isa = PBXFrameworksBuildPhase;
			buildActionMask = 2147483647;
			files = (
			);
			runOnlyForDeploymentPostprocessing = 0;
		};
/* End PBXFrameworksBuildPhase section */

/* Begin PBXGroup section */
		E6431975213E0946002D0719 /* Extensions */ = {
			isa = PBXGroup;
			children = (
				E6BE84821EBEBD4100AAF64C /* NSColor+Components.swift */,
				E6431979213E1C15002D0719 /* NSAppearance+DarkMode.swift */,
				E643197D213E1DE9002D0719 /* String+Localize.swift */,
			);
			path = Extensions;
			sourceTree = "<group>";
		};
		E6431986213E27C5002D0719 /* LauncherApplication */ = {
			isa = PBXGroup;
			children = (
				E64319A1213E33BB002D0719 /* SupportingFiles */,
				E64319A0213E33A7002D0719 /* Resources */,
				E643199F213E339F002D0719 /* Types */,
			);
			path = LauncherApplication;
			sourceTree = "<group>";
		};
		E643199E213E2CDB002D0719 /* Shared */ = {
			isa = PBXGroup;
			children = (
				E643199B213E2C8B002D0719 /* Notification+Killer.swift */,
			);
			path = Shared;
			sourceTree = "<group>";
		};
		E643199F213E339F002D0719 /* Types */ = {
			isa = PBXGroup;
			children = (
				E6431987213E27C5002D0719 /* main.swift */,
				E6431997213E2B50002D0719 /* AppDelegate.swift */,
			);
			path = Types;
			sourceTree = "<group>";
		};
		E64319A0213E33A7002D0719 /* Resources */ = {
			isa = PBXGroup;
			children = (
				E6431989213E27C6002D0719 /* Assets.xcassets */,
			);
			path = Resources;
			sourceTree = "<group>";
		};
		E64319A1213E33BB002D0719 /* SupportingFiles */ = {
			isa = PBXGroup;
			children = (
				E643198E213E27C6002D0719 /* Info.plist */,
				E643198F213E27C6002D0719 /* LauncherApplication.entitlements */,
			);
			path = SupportingFiles;
			sourceTree = "<group>";
		};
		E6856D7F1EBEAAAA0002B078 = {
			isa = PBXGroup;
			children = (
				E643199E213E2CDB002D0719 /* Shared */,
				E6856D8A1EBEAAAA0002B078 /* Rellum */,
				E6431986213E27C5002D0719 /* LauncherApplication */,
				E6856D891EBEAAAA0002B078 /* Products */,
			);
			sourceTree = "<group>";
		};
		E6856D891EBEAAAA0002B078 /* Products */ = {
			isa = PBXGroup;
			children = (
				E6856D881EBEAAAA0002B078 /* Rellum.app */,
				E6431985213E27C5002D0719 /* LauncherApplication.app */,
			);
			name = Products;
			sourceTree = "<group>";
		};
		E6856D8A1EBEAAAA0002B078 /* Rellum */ = {
			isa = PBXGroup;
			children = (
				E6BE84781EBEBD4100AAF64C /* Resources */,
				E6BE847E1EBEBD4100AAF64C /* SupportingFiles */,
				E6BE84801EBEBD4100AAF64C /* Types */,
			);
			path = Rellum;
			sourceTree = "<group>";
		};
		E6BE84781EBEBD4100AAF64C /* Resources */ = {
			isa = PBXGroup;
			children = (
				E6BE84791EBEBD4100AAF64C /* Assets.xcassets */,
				E6BE847A1EBEBD4100AAF64C /* Localizable.strings */,
			);
			path = Resources;
			sourceTree = "<group>";
		};
		E6BE847E1EBEBD4100AAF64C /* SupportingFiles */ = {
			isa = PBXGroup;
			children = (
				E6BE847F1EBEBD4100AAF64C /* Info.plist */,
			);
			path = SupportingFiles;
			sourceTree = "<group>";
		};
		E6BE84801EBEBD4100AAF64C /* Types */ = {
			isa = PBXGroup;
			children = (
				E6431975213E0946002D0719 /* Extensions */,
				E6BE84811EBEBD4100AAF64C /* main.swift */,
				E6BE84831EBEBD4100AAF64C /* RellumTextField.swift */,
				E643197F213E1F4F002D0719 /* RelativeLuminance.swift */,
				E6431995213E2ABF002D0719 /* AppDelegate.swift */,
			);
			path = Types;
			sourceTree = "<group>";
		};
/* End PBXGroup section */

/* Begin PBXNativeTarget section */
		E6431984213E27C5002D0719 /* LauncherApplication */ = {
			isa = PBXNativeTarget;
			buildConfigurationList = E6431992213E27C6002D0719 /* Build configuration list for PBXNativeTarget "LauncherApplication" */;
			buildPhases = (
				E6431981213E27C5002D0719 /* Sources */,
				E6431982213E27C5002D0719 /* Frameworks */,
				E6431983213E27C5002D0719 /* Resources */,
			);
			buildRules = (
			);
			dependencies = (
			);
			name = LauncherApplication;
			productName = LauncherApplication;
			productReference = E6431985213E27C5002D0719 /* LauncherApplication.app */;
			productType = "com.apple.product-type.application";
		};
		E6856D871EBEAAAA0002B078 /* Rellum */ = {
			isa = PBXNativeTarget;
			buildConfigurationList = E6856D971EBEAAAA0002B078 /* Build configuration list for PBXNativeTarget "Rellum" */;
			buildPhases = (
				E6856D841EBEAAAA0002B078 /* Sources */,
				E6856D851EBEAAAA0002B078 /* Frameworks */,
				E6856D861EBEAAAA0002B078 /* Resources */,
				E6BE84211EBEB08900AAF64C /* Embed Frameworks */,
				E6431978213E17E7002D0719 /* ShellScript */,
				E6431999213E2C0C002D0719 /* CopyFiles */,
			);
			buildRules = (
			);
			dependencies = (
			);
			name = Rellum;
			productName = Rellum;
			productReference = E6856D881EBEAAAA0002B078 /* Rellum.app */;
			productType = "com.apple.product-type.application";
		};
/* End PBXNativeTarget section */

/* Begin PBXProject section */
		E6856D801EBEAAAA0002B078 /* Project object */ = {
			isa = PBXProject;
			attributes = {
				LastSwiftUpdateCheck = 1000;
				LastUpgradeCheck = 1000;
				ORGANIZATIONNAME = "Joe Blau";
				TargetAttributes = {
					E6431984213E27C5002D0719 = {
						CreatedOnToolsVersion = 10.0;
						DevelopmentTeam = K78G42H4U2;
						ProvisioningStyle = Automatic;
					};
					E6856D871EBEAAAA0002B078 = {
						CreatedOnToolsVersion = 8.3.2;
						DevelopmentTeam = K78G42H4U2;
						LastSwiftMigration = 1000;
						ProvisioningStyle = Automatic;
					};
				};
			};
			buildConfigurationList = E6856D831EBEAAAA0002B078 /* Build configuration list for PBXProject "Rellum" */;
			compatibilityVersion = "Xcode 3.2";
			developmentRegion = English;
			hasScannedForEncodings = 0;
			knownRegions = (
				en,
				Base,
				da,
				de,
				"es-MX",
				es,
				fi,
				fr,
				he,
				it,
				ja,
				ko,
				nl,
				"pt-BR",
				"pt-PT",
				ru,
				"zh-Hans",
				"zh-Hant",
			);
			mainGroup = E6856D7F1EBEAAAA0002B078;
			productRefGroup = E6856D891EBEAAAA0002B078 /* Products */;
			projectDirPath = "";
			projectRoot = "";
			targets = (
				E6856D871EBEAAAA0002B078 /* Rellum */,
				E6431984213E27C5002D0719 /* LauncherApplication */,
			);
		};
/* End PBXProject section */

/* Begin PBXResourcesBuildPhase section */
		E6431983213E27C5002D0719 /* Resources */ = {
			isa = PBXResourcesBuildPhase;
			buildActionMask = 2147483647;
			files = (
				E643198A213E27C6002D0719 /* Assets.xcassets in Resources */,
			);
			runOnlyForDeploymentPostprocessing = 0;
		};
		E6856D861EBEAAAA0002B078 /* Resources */ = {
			isa = PBXResourcesBuildPhase;
			buildActionMask = 2147483647;
			files = (
				E6BE84841EBEBD4100AAF64C /* Assets.xcassets in Resources */,
				E6BE84851EBEBD4100AAF64C /* Localizable.strings in Resources */,
			);
			runOnlyForDeploymentPostprocessing = 0;
		};
/* End PBXResourcesBuildPhase section */

/* Begin PBXShellScriptBuildPhase section */
		E6431978213E17E7002D0719 /* ShellScript */ = {
			isa = PBXShellScriptBuildPhase;
			buildActionMask = 2147483647;
			files = (
			);
			inputFileListPaths = (
			);
			inputPaths = (
			);
			outputFileListPaths = (
			);
			outputPaths = (
			);
			runOnlyForDeploymentPostprocessing = 0;
			shellPath = /bin/sh;
			shellScript = "if which swiftlint >/dev/null; then\n  swiftlint\nelse\n  echo \"warning: SwiftLint not installed, download from https://github.com/realm/SwiftLint\"\nfi\n";
		};
/* End PBXShellScriptBuildPhase section */

/* Begin PBXSourcesBuildPhase section */
		E6431981213E27C5002D0719 /* Sources */ = {
			isa = PBXSourcesBuildPhase;
			buildActionMask = 2147483647;
			files = (
				E6431998213E2B50002D0719 /* AppDelegate.swift in Sources */,
				E643199D213E2CD3002D0719 /* Notification+Killer.swift in Sources */,
				E6431988213E27C5002D0719 /* main.swift in Sources */,
			);
			runOnlyForDeploymentPostprocessing = 0;
		};
		E6856D841EBEAAAA0002B078 /* Sources */ = {
			isa = PBXSourcesBuildPhase;
			buildActionMask = 2147483647;
			files = (
				E6BE84881EBEBD4100AAF64C /* NSColor+Components.swift in Sources */,
				E643199C213E2C8B002D0719 /* Notification+Killer.swift in Sources */,
				E6431980213E1F4F002D0719 /* RelativeLuminance.swift in Sources */,
				E643197E213E1DE9002D0719 /* String+Localize.swift in Sources */,
				E643197A213E1C15002D0719 /* NSAppearance+DarkMode.swift in Sources */,
				E6431996213E2ABF002D0719 /* AppDelegate.swift in Sources */,
				E6BE84871EBEBD4100AAF64C /* main.swift in Sources */,
				E6BE84891EBEBD4100AAF64C /* RellumTextField.swift in Sources */,
			);
			runOnlyForDeploymentPostprocessing = 0;
		};
/* End PBXSourcesBuildPhase section */

/* Begin PBXVariantGroup section */
		E6BE847A1EBEBD4100AAF64C /* Localizable.strings */ = {
			isa = PBXVariantGroup;
			children = (
				E6BE847B1EBEBD4100AAF64C /* Base */,
				E6BE847C1EBEBD4100AAF64C /* en */,
				E6BE847D1EBEBD4100AAF64C /* es */,
			);
			name = Localizable.strings;
			sourceTree = "<group>";
		};
/* End PBXVariantGroup section */

/* Begin XCBuildConfiguration section */
		E6431990213E27C6002D0719 /* Debug */ = {
			isa = XCBuildConfiguration;
			buildSettings = {
				ASSETCATALOG_COMPILER_APPICON_NAME = AppIcon;
				CLANG_CXX_LANGUAGE_STANDARD = "gnu++14";
				CLANG_ENABLE_OBJC_WEAK = YES;
				CLANG_WARN_UNGUARDED_AVAILABILITY = YES_AGGRESSIVE;
				CODE_SIGN_ENTITLEMENTS = LauncherApplication/SupportingFiles/LauncherApplication.entitlements;
				CODE_SIGN_IDENTITY = "Mac Developer";
				CODE_SIGN_STYLE = Automatic;
				COMBINE_HIDPI_IMAGES = YES;
				DEVELOPMENT_TEAM = K78G42H4U2;
				GCC_C_LANGUAGE_STANDARD = gnu11;
				INFOPLIST_FILE = "$(SRCROOT)/LauncherApplication/SupportingFiles/Info.plist";
				LD_RUNPATH_SEARCH_PATHS = "$(inherited) @executable_path/../Frameworks";
				MACOSX_DEPLOYMENT_TARGET = 10.11;
				MTL_ENABLE_DEBUG_INFO = INCLUDE_SOURCE;
				PRODUCT_BUNDLE_IDENTIFIER = com.joeblau.LauncherApplication;
				PRODUCT_NAME = "$(TARGET_NAME)";
				SKIP_INSTALL = YES;
				SWIFT_VERSION = 4.2;
			};
			name = Debug;
		};
		E6431991213E27C6002D0719 /* Release */ = {
			isa = XCBuildConfiguration;
			buildSettings = {
				ASSETCATALOG_COMPILER_APPICON_NAME = AppIcon;
				CLANG_CXX_LANGUAGE_STANDARD = "gnu++14";
				CLANG_ENABLE_OBJC_WEAK = YES;
				CLANG_WARN_UNGUARDED_AVAILABILITY = YES_AGGRESSIVE;
				CODE_SIGN_ENTITLEMENTS = LauncherApplication/SupportingFiles/LauncherApplication.entitlements;
				CODE_SIGN_IDENTITY = "Mac Developer";
				CODE_SIGN_STYLE = Automatic;
				COMBINE_HIDPI_IMAGES = YES;
				DEVELOPMENT_TEAM = K78G42H4U2;
				GCC_C_LANGUAGE_STANDARD = gnu11;
				INFOPLIST_FILE = "$(SRCROOT)/LauncherApplication/SupportingFiles/Info.plist";
				LD_RUNPATH_SEARCH_PATHS = "$(inherited) @executable_path/../Frameworks";
				MACOSX_DEPLOYMENT_TARGET = 10.11;
				PRODUCT_BUNDLE_IDENTIFIER = com.joeblau.LauncherApplication;
				PRODUCT_NAME = "$(TARGET_NAME)";
				SKIP_INSTALL = YES;
				SWIFT_VERSION = 4.2;
			};
			name = Release;
		};
		E6856D951EBEAAAA0002B078 /* Debug */ = {
			isa = XCBuildConfiguration;
			buildSettings = {
				ALWAYS_SEARCH_USER_PATHS = NO;
				CLANG_ANALYZER_LOCALIZABILITY_NONLOCALIZED = YES;
				CLANG_ANALYZER_NONNULL = YES;
				CLANG_ANALYZER_NUMBER_OBJECT_CONVERSION = YES_AGGRESSIVE;
				CLANG_CXX_LANGUAGE_STANDARD = "gnu++0x";
				CLANG_CXX_LIBRARY = "libc++";
				CLANG_ENABLE_MODULES = YES;
				CLANG_ENABLE_OBJC_ARC = YES;
				CLANG_WARN_BLOCK_CAPTURE_AUTORELEASING = YES;
				CLANG_WARN_BOOL_CONVERSION = YES;
				CLANG_WARN_COMMA = YES;
				CLANG_WARN_CONSTANT_CONVERSION = YES;
				CLANG_WARN_DEPRECATED_OBJC_IMPLEMENTATIONS = YES;
				CLANG_WARN_DIRECT_OBJC_ISA_USAGE = YES_ERROR;
				CLANG_WARN_DOCUMENTATION_COMMENTS = YES;
				CLANG_WARN_EMPTY_BODY = YES;
				CLANG_WARN_ENUM_CONVERSION = YES;
				CLANG_WARN_INFINITE_RECURSION = YES;
				CLANG_WARN_INT_CONVERSION = YES;
				CLANG_WARN_NON_LITERAL_NULL_CONVERSION = YES;
				CLANG_WARN_OBJC_IMPLICIT_RETAIN_SELF = YES;
				CLANG_WARN_OBJC_LITERAL_CONVERSION = YES;
				CLANG_WARN_OBJC_ROOT_CLASS = YES_ERROR;
				CLANG_WARN_RANGE_LOOP_ANALYSIS = YES;
				CLANG_WARN_STRICT_PROTOTYPES = YES;
				CLANG_WARN_SUSPICIOUS_MOVE = YES;
				CLANG_WARN_UNREACHABLE_CODE = YES;
				CLANG_WARN__DUPLICATE_METHOD_MATCH = YES;
				CODE_SIGN_IDENTITY = "-";
				COPY_PHASE_STRIP = NO;
				DEBUG_INFORMATION_FORMAT = dwarf;
				ENABLE_STRICT_OBJC_MSGSEND = YES;
				ENABLE_TESTABILITY = YES;
				GCC_C_LANGUAGE_STANDARD = gnu99;
				GCC_DYNAMIC_NO_PIC = NO;
				GCC_NO_COMMON_BLOCKS = YES;
				GCC_OPTIMIZATION_LEVEL = 0;
				GCC_PREPROCESSOR_DEFINITIONS = (
					"DEBUG=1",
					"$(inherited)",
				);
				GCC_WARN_64_TO_32_BIT_CONVERSION = YES;
				GCC_WARN_ABOUT_RETURN_TYPE = YES_ERROR;
				GCC_WARN_UNDECLARED_SELECTOR = YES;
				GCC_WARN_UNINITIALIZED_AUTOS = YES_AGGRESSIVE;
				GCC_WARN_UNUSED_FUNCTION = YES;
				GCC_WARN_UNUSED_VARIABLE = YES;
				MACOSX_DEPLOYMENT_TARGET = 10.10;
				MTL_ENABLE_DEBUG_INFO = YES;
				ONLY_ACTIVE_ARCH = YES;
				SDKROOT = macosx;
				SWIFT_ACTIVE_COMPILATION_CONDITIONS = DEBUG;
				SWIFT_OPTIMIZATION_LEVEL = "-Onone";
			};
			name = Debug;
		};
		E6856D961EBEAAAA0002B078 /* Release */ = {
			isa = XCBuildConfiguration;
			buildSettings = {
				ALWAYS_SEARCH_USER_PATHS = NO;
				CLANG_ANALYZER_LOCALIZABILITY_NONLOCALIZED = YES;
				CLANG_ANALYZER_NONNULL = YES;
				CLANG_ANALYZER_NUMBER_OBJECT_CONVERSION = YES_AGGRESSIVE;
				CLANG_CXX_LANGUAGE_STANDARD = "gnu++0x";
				CLANG_CXX_LIBRARY = "libc++";
				CLANG_ENABLE_MODULES = YES;
				CLANG_ENABLE_OBJC_ARC = YES;
				CLANG_WARN_BLOCK_CAPTURE_AUTORELEASING = YES;
				CLANG_WARN_BOOL_CONVERSION = YES;
				CLANG_WARN_COMMA = YES;
				CLANG_WARN_CONSTANT_CONVERSION = YES;
				CLANG_WARN_DEPRECATED_OBJC_IMPLEMENTATIONS = YES;
				CLANG_WARN_DIRECT_OBJC_ISA_USAGE = YES_ERROR;
				CLANG_WARN_DOCUMENTATION_COMMENTS = YES;
				CLANG_WARN_EMPTY_BODY = YES;
				CLANG_WARN_ENUM_CONVERSION = YES;
				CLANG_WARN_INFINITE_RECURSION = YES;
				CLANG_WARN_INT_CONVERSION = YES;
				CLANG_WARN_NON_LITERAL_NULL_CONVERSION = YES;
				CLANG_WARN_OBJC_IMPLICIT_RETAIN_SELF = YES;
				CLANG_WARN_OBJC_LITERAL_CONVERSION = YES;
				CLANG_WARN_OBJC_ROOT_CLASS = YES_ERROR;
				CLANG_WARN_RANGE_LOOP_ANALYSIS = YES;
				CLANG_WARN_STRICT_PROTOTYPES = YES;
				CLANG_WARN_SUSPICIOUS_MOVE = YES;
				CLANG_WARN_UNREACHABLE_CODE = YES;
				CLANG_WARN__DUPLICATE_METHOD_MATCH = YES;
				CODE_SIGN_IDENTITY = "-";
				COPY_PHASE_STRIP = NO;
				DEBUG_INFORMATION_FORMAT = "dwarf-with-dsym";
				ENABLE_NS_ASSERTIONS = NO;
				ENABLE_STRICT_OBJC_MSGSEND = YES;
				GCC_C_LANGUAGE_STANDARD = gnu99;
				GCC_NO_COMMON_BLOCKS = YES;
				GCC_WARN_64_TO_32_BIT_CONVERSION = YES;
				GCC_WARN_ABOUT_RETURN_TYPE = YES_ERROR;
				GCC_WARN_UNDECLARED_SELECTOR = YES;
				GCC_WARN_UNINITIALIZED_AUTOS = YES_AGGRESSIVE;
				GCC_WARN_UNUSED_FUNCTION = YES;
				GCC_WARN_UNUSED_VARIABLE = YES;
				MACOSX_DEPLOYMENT_TARGET = 10.10;
				MTL_ENABLE_DEBUG_INFO = NO;
				SDKROOT = macosx;
				SWIFT_OPTIMIZATION_LEVEL = "-Owholemodule";
			};
			name = Release;
		};
		E6856D981EBEAAAA0002B078 /* Debug */ = {
			isa = XCBuildConfiguration;
			buildSettings = {
				ASSETCATALOG_COMPILER_APPICON_NAME = AppIcon;
				CLANG_ENABLE_MODULES = YES;
				CODE_SIGN_IDENTITY = "Mac Developer";
				CODE_SIGN_STYLE = Automatic;
				COMBINE_HIDPI_IMAGES = YES;
				DEVELOPMENT_TEAM = K78G42H4U2;
				FRAMEWORK_SEARCH_PATHS = "$(inherited)";
				INFOPLIST_FILE = Rellum/SupportingFiles/Info.plist;
				LD_RUNPATH_SEARCH_PATHS = "$(inherited) @executable_path/../Frameworks";
				MACOSX_DEPLOYMENT_TARGET = 10.11;
				PRODUCT_BUNDLE_IDENTIFIER = com.joeblau.Rellum;
				PRODUCT_NAME = "$(TARGET_NAME)";
				PROVISIONING_PROFILE_SPECIFIER = "";
				SWIFT_OPTIMIZATION_LEVEL = "-Onone";
				SWIFT_SWIFT3_OBJC_INFERENCE = Default;
				SWIFT_VERSION = 4.2;
			};
			name = Debug;
		};
		E6856D991EBEAAAA0002B078 /* Release */ = {
			isa = XCBuildConfiguration;
			buildSettings = {
				ASSETCATALOG_COMPILER_APPICON_NAME = AppIcon;
				CLANG_ENABLE_MODULES = YES;
				CODE_SIGN_IDENTITY = "Mac Developer";
				CODE_SIGN_STYLE = Automatic;
				COMBINE_HIDPI_IMAGES = YES;
				DEVELOPMENT_TEAM = K78G42H4U2;
				FRAMEWORK_SEARCH_PATHS = "$(inherited)";
				INFOPLIST_FILE = Rellum/SupportingFiles/Info.plist;
				LD_RUNPATH_SEARCH_PATHS = "$(inherited) @executable_path/../Frameworks";
				MACOSX_DEPLOYMENT_TARGET = 10.11;
				PRODUCT_BUNDLE_IDENTIFIER = com.joeblau.Rellum;
				PRODUCT_NAME = "$(TARGET_NAME)";
				PROVISIONING_PROFILE_SPECIFIER = "";
				SWIFT_SWIFT3_OBJC_INFERENCE = Default;
				SWIFT_VERSION = 4.2;
			};
			name = Release;
		};
/* End XCBuildConfiguration section */

/* Begin XCConfigurationList section */
		E6431992213E27C6002D0719 /* Build configuration list for PBXNativeTarget "LauncherApplication" */ = {
			isa = XCConfigurationList;
			buildConfigurations = (
				E6431990213E27C6002D0719 /* Debug */,
				E6431991213E27C6002D0719 /* Release */,
			);
			defaultConfigurationIsVisible = 0;
			defaultConfigurationName = Release;
		};
		E6856D831EBEAAAA0002B078 /* Build configuration list for PBXProject "Rellum" */ = {
			isa = XCConfigurationList;
			buildConfigurations = (
				E6856D951EBEAAAA0002B078 /* Debug */,
				E6856D961EBEAAAA0002B078 /* Release */,
			);
			defaultConfigurationIsVisible = 0;
			defaultConfigurationName = Release;
		};
		E6856D971EBEAAAA0002B078 /* Build configuration list for PBXNativeTarget "Rellum" */ = {
			isa = XCConfigurationList;
			buildConfigurations = (
				E6856D981EBEAAAA0002B078 /* Debug */,
				E6856D991EBEAAAA0002B078 /* Release */,
			);
			defaultConfigurationIsVisible = 0;
			defaultConfigurationName = Release;
		};
/* End XCConfigurationList section */
	};
	rootObject = E6856D801EBEAAAA0002B078 /* Project object */;
}
